{
  "pins" : [
    {
      "identity" : "mediaplayerswiftuicomponents",
      "kind" : "remoteSourceControl",
      "location" : "https://github.com/gustavovillada1/MediaPlayerSwiftUIComponents",
      "state" : {
        "branch" : "main",
        "revision" : "c7093e4d40248158e7e740e1551c54e62774ae52"
      }
    }
  ],
  "version" : 2
}
