{
  "pins" : [
    {
      "identity" : "mediaplayerswiftuicomponents",
      "kind" : "remoteSourceControl",
      "location" : "https://github.com/gustavovillada1/MediaPlayerSwiftUIComponents",
      "state" : {
        "branch" : "main",
        "revision" : "0a5165a775b898f140c0e9ca9caba0f03eca7329"
      }
    }
  ],
  "version" : 2
}
