// !$*UTF8*$!
{
	archiveVersion = 1;
	classes = {
	};
	objectVersion = 56;
	objects = {

/* Begin PBXBuildFile section */
		440CFDDD2E0C44C2005EEB93 /* BottomTabView.swift in Sources */ = {isa = PBXBuildFile; fileRef = 440CFDDC2E0C44C2005EEB93 /* BottomTabView.swift */; };
		440CFDE62E0C749B005EEB93 /* HomeScreen.swift in Sources */ = {isa = PBXBuildFile; fileRef = 440CFDE52E0C749B005EEB93 /* HomeScreen.swift */; };
		440CFDEC2E0CB214005EEB93 /* APIConfig.swift in Sources */ = {isa = PBXBuildFile; fileRef = 440CFDE92E0CB214005EEB93 /* APIConfig.swift */; };
		440CFDED2E0CB214005EEB93 /* NetworkClientProtocol.swift in Sources */ = {isa = PBXBuildFile; fileRef = 440CFDEA2E0CB214005EEB93 /* NetworkClientProtocol.swift */; };
		440CFDEE2E0CB214005EEB93 /* DefaultNetworkClient.swift in Sources */ = {isa = PBXBuildFile; fileRef = 440CFDEB2E0CB214005EEB93 /* DefaultNetworkClient.swift */; };
		440CFDF12E0CB26A005EEB93 /* AppError.swift in Sources */ = {isa = PBXBuildFile; fileRef = 440CFDF02E0CB26A005EEB93 /* AppError.swift */; };
		440CFDF82E0CCE5A005EEB93 /* ApiDataManagerProtocol.swift in Sources */ = {isa = PBXBuildFile; fileRef = 440CFDF72E0CCE5A005EEB93 /* ApiDataManagerProtocol.swift */; };
		440CFDFC2E0CCEBC005EEB93 /* TopArtistsDTO.swift in Sources */ = {isa = PBXBuildFile; fileRef = 440CFDFB2E0CCEBC005EEB93 /* TopArtistsDTO.swift */; };
		440CFDFE2E0CCEFB005EEB93 /* TopTracksDTO.swift in Sources */ = {isa = PBXBuildFile; fileRef = 440CFDFD2E0CCEFB005EEB93 /* TopTracksDTO.swift */; };
		440CFE002E0CD18B005EEB93 /* APIDataManager.swift in Sources */ = {isa = PBXBuildFile; fileRef = 440CFDFF2E0CD18B005EEB93 /* APIDataManager.swift */; };
		440CFE032E0CD26A005EEB93 /* AppRepositoryProtocol.swift in Sources */ = {isa = PBXBuildFile; fileRef = 440CFE022E0CD26A005EEB93 /* AppRepositoryProtocol.swift */; };
		440CFE062E0CD2CF005EEB93 /* TopTrackDomain.swift in Sources */ = {isa = PBXBuildFile; fileRef = 440CFE052E0CD2CF005EEB93 /* TopTrackDomain.swift */; };
		440CFE092E0CD337005EEB93 /* DataMapper.swift in Sources */ = {isa = PBXBuildFile; fileRef = 440CFE082E0CD337005EEB93 /* DataMapper.swift */; };
		440CFE0B2E0CD658005EEB93 /* AppRepository.swift in Sources */ = {isa = PBXBuildFile; fileRef = 440CFE0A2E0CD658005EEB93 /* AppRepository.swift */; };
		440CFE0F2E0CD80B005EEB93 /* DomainMapper.swift in Sources */ = {isa = PBXBuildFile; fileRef = 440CFE0E2E0CD80B005EEB93 /* DomainMapper.swift */; };
		440CFE112E0CD85A005EEB93 /* TopTrack.swift in Sources */ = {isa = PBXBuildFile; fileRef = 440CFE102E0CD85A005EEB93 /* TopTrack.swift */; };
		440CFE132E0CD9BC005EEB93 /* GetTopTracksUseCaseProtocol.swift in Sources */ = {isa = PBXBuildFile; fileRef = 440CFE122E0CD9BC005EEB93 /* GetTopTracksUseCaseProtocol.swift */; };
		440CFE152E0CD9FA005EEB93 /* GetTopTracksUseCase.swift in Sources */ = {isa = PBXBuildFile; fileRef = 440CFE142E0CD9FA005EEB93 /* GetTopTracksUseCase.swift */; };
		440CFE172E0CDA4F005EEB93 /* HomeViewModel.swift in Sources */ = {isa = PBXBuildFile; fileRef = 440CFE162E0CDA4F005EEB93 /* HomeViewModel.swift */; };
		440CFE192E0CDA76005EEB93 /* HomeViewModelProtocol.swift in Sources */ = {isa = PBXBuildFile; fileRef = 440CFE182E0CDA76005EEB93 /* HomeViewModelProtocol.swift */; };
		440CFE1C2E0CDFB3005EEB93 /* HomeWireframe.swift in Sources */ = {isa = PBXBuildFile; fileRef = 440CFE1B2E0CDFB3005EEB93 /* HomeWireframe.swift */; };
		440CFE1E2E0CE184005EEB93 /* NetworkErrorMapper.swift in Sources */ = {isa = PBXBuildFile; fileRef = 440CFE1D2E0CE184005EEB93 /* NetworkErrorMapper.swift */; };
		440CFE252E0DA1E6005EEB93 /* MainView.swift in Sources */ = {isa = PBXBuildFile; fileRef = 440CFE242E0DA1E6005EEB93 /* MainView.swift */; };
		440CFE282E0DA29C005EEB93 /* AudioPlayerManager.swift in Sources */ = {isa = PBXBuildFile; fileRef = 440CFE272E0DA29C005EEB93 /* AudioPlayerManager.swift */; };
		440CFE2F2E0DE63E005EEB93 /* MainWireframe.swift in Sources */ = {isa = PBXBuildFile; fileRef = 440CFE2E2E0DE63E005EEB93 /* MainWireframe.swift */; };
		445B67492E10C13E0073DC64 /* ScreenState.swift in Sources */ = {isa = PBXBuildFile; fileRef = 445B67482E10C13E0073DC64 /* ScreenState.swift */; };
		445B674B2E10F1360073DC64 /* TopArtistsDomain.swift in Sources */ = {isa = PBXBuildFile; fileRef = 445B674A2E10F1360073DC64 /* TopArtistsDomain.swift */; };
		445B674D2E10F1EB0073DC64 /* TopArtist.swift in Sources */ = {isa = PBXBuildFile; fileRef = 445B674C2E10F1EB0073DC64 /* TopArtist.swift */; };
		445B67512E10F2D70073DC64 /* GetTopArtistsUseCaseProtocol.swift in Sources */ = {isa = PBXBuildFile; fileRef = 445B67502E10F2D70073DC64 /* GetTopArtistsUseCaseProtocol.swift */; };
		445B67532E10F3150073DC64 /* GetTopArtistsUseCase.swift in Sources */ = {isa = PBXBuildFile; fileRef = 445B67522E10F3150073DC64 /* GetTopArtistsUseCase.swift */; };
		445B67552E10FE920073DC64 /* TopPlayListDTO.swift in Sources */ = {isa = PBXBuildFile; fileRef = 445B67542E10FE920073DC64 /* TopPlayListDTO.swift */; };
		445B67572E1100DF0073DC64 /* TopPlayListsDomain.swift in Sources */ = {isa = PBXBuildFile; fileRef = 445B67562E1100DF0073DC64 /* TopPlayListsDomain.swift */; };
		445B67592E11026F0073DC64 /* TopPlayLists.swift in Sources */ = {isa = PBXBuildFile; fileRef = 445B67582E11026F0073DC64 /* TopPlayLists.swift */; };
		445B675C2E1103A10073DC64 /* GetTopPlayListsUseCaseProtocol.swift in Sources */ = {isa = PBXBuildFile; fileRef = 445B675B2E1103A10073DC64 /* GetTopPlayListsUseCaseProtocol.swift */; };
		445B675E2E1103CC0073DC64 /* GetTopPlayListsUseCase.swift in Sources */ = {isa = PBXBuildFile; fileRef = 445B675D2E1103CC0073DC64 /* GetTopPlayListsUseCase.swift */; };
		445B67602E1107B50073DC64 /* GIFView.swift in Sources */ = {isa = PBXBuildFile; fileRef = 445B675F2E1107B50073DC64 /* GIFView.swift */; };
		445B67632E1107E20073DC64 /* UIImageExtension.swift in Sources */ = {isa = PBXBuildFile; fileRef = 445B67622E1107E20073DC64 /* UIImageExtension.swift */; };
		445B67652E11EA560073DC64 /* MainViewModelProtocol.swift in Sources */ = {isa = PBXBuildFile; fileRef = 445B67642E11EA560073DC64 /* MainViewModelProtocol.swift */; };
		445B67672E11EAB70073DC64 /* MainViewModel.swift in Sources */ = {isa = PBXBuildFile; fileRef = 445B67662E11EAB70073DC64 /* MainViewModel.swift */; };
		445B67692E12003F0073DC64 /* TrackDetailDTO.swift in Sources */ = {isa = PBXBuildFile; fileRef = 445B67682E12003F0073DC64 /* TrackDetailDTO.swift */; };
		445B676F2E1203F20073DC64 /* TrackDetailContributorDTO.swift in Sources */ = {isa = PBXBuildFile; fileRef = 445B676E2E1203F20073DC64 /* TrackDetailContributorDTO.swift */; };
		445B67722E1204190073DC64 /* TrackDetailAlbumDTO.swift in Sources */ = {isa = PBXBuildFile; fileRef = 445B67712E1204190073DC64 /* TrackDetailAlbumDTO.swift */; };
		445B67742E1204820073DC64 /* TrackDetailDomain.swift in Sources */ = {isa = PBXBuildFile; fileRef = 445B67732E1204820073DC64 /* TrackDetailDomain.swift */; };
		445B67762E1205820073DC64 /* TrackDetail.swift in Sources */ = {isa = PBXBuildFile; fileRef = 445B67752E1205820073DC64 /* TrackDetail.swift */; };
		445B677A2E120ACD0073DC64 /* GetTrackDetailUseCaseProtocol.swift in Sources */ = {isa = PBXBuildFile; fileRef = 445B67792E120ACD0073DC64 /* GetTrackDetailUseCaseProtocol.swift */; };
		445B677C2E120AF80073DC64 /* GetTrackDetailUseCase.swift in Sources */ = {isa = PBXBuildFile; fileRef = 445B677B2E120AF80073DC64 /* GetTrackDetailUseCase.swift */; };
		445B67822E1227A20073DC64 /* PlayListScreen.swift in Sources */ = {isa = PBXBuildFile; fileRef = 445B67812E1227A20073DC64 /* PlayListScreen.swift */; };
		445B67842E1227B80073DC64 /* PlayListViewModelProtocol.swift in Sources */ = {isa = PBXBuildFile; fileRef = 445B67832E1227B80073DC64 /* PlayListViewModelProtocol.swift */; };
		445B67862E1227F30073DC64 /* PlayListWireframe.swift in Sources */ = {isa = PBXBuildFile; fileRef = 445B67852E1227F30073DC64 /* PlayListWireframe.swift */; };
		445B67882E1228450073DC64 /* PlayListViewModel.swift in Sources */ = {isa = PBXBuildFile; fileRef = 445B67872E1228450073DC64 /* PlayListViewModel.swift */; };
		445B678B2E122C5F0073DC64 /* PlayListDetailDTO.swift in Sources */ = {isa = PBXBuildFile; fileRef = 445B678A2E122C5F0073DC64 /* PlayListDetailDTO.swift */; };
		445B678D2E123E9A0073DC64 /* PlayListDetailDomain.swift in Sources */ = {isa = PBXBuildFile; fileRef = 445B678C2E123E9A0073DC64 /* PlayListDetailDomain.swift */; };
		445B67902E12411E0073DC64 /* GetPlayListDetailUseCaseProtocol.swift in Sources */ = {isa = PBXBuildFile; fileRef = 445B678F2E12411E0073DC64 /* GetPlayListDetailUseCaseProtocol.swift */; };
		445B67922E12414C0073DC64 /* PlayListDetail.swift in Sources */ = {isa = PBXBuildFile; fileRef = 445B67912E12414C0073DC64 /* PlayListDetail.swift */; };
		445B67942E1241950073DC64 /* GetPlayListDetailUseCase.swift in Sources */ = {isa = PBXBuildFile; fileRef = 445B67932E1241950073DC64 /* GetPlayListDetailUseCase.swift */; };
		445B67962E1245280073DC64 /* AppNavigation.swift in Sources */ = {isa = PBXBuildFile; fileRef = 445B67952E1245280073DC64 /* AppNavigation.swift */; };
		449929722DCAE24500F75256 /* SpotifyCloneApp.swift in Sources */ = {isa = PBXBuildFile; fileRef = 449929712DCAE24500F75256 /* SpotifyCloneApp.swift */; };
		449929742DCAE24500F75256 /* ContentView.swift in Sources */ = {isa = PBXBuildFile; fileRef = 449929732DCAE24500F75256 /* ContentView.swift */; };
		449929762DCAE24700F75256 /* Assets.xcassets in Resources */ = {isa = PBXBuildFile; fileRef = 449929752DCAE24700F75256 /* Assets.xcassets */; };
		449929792DCAE24700F75256 /* Preview Assets.xcassets in Resources */ = {isa = PBXBuildFile; fileRef = 449929782DCAE24700F75256 /* Preview Assets.xcassets */; };
		449929832DCAE24700F75256 /* SpotifyCloneTests.swift in Sources */ = {isa = PBXBuildFile; fileRef = 449929822DCAE24700F75256 /* SpotifyCloneTests.swift */; };
		4499298D2DCAE24700F75256 /* SpotifyCloneUITests.swift in Sources */ = {isa = PBXBuildFile; fileRef = 4499298C2DCAE24700F75256 /* SpotifyCloneUITests.swift */; };
		4499298F2DCAE24700F75256 /* SpotifyCloneUITestsLaunchTests.swift in Sources */ = {isa = PBXBuildFile; fileRef = 4499298E2DCAE24700F75256 /* SpotifyCloneUITestsLaunchTests.swift */; };
		44F884182DFE3EDD0090561D /* SwiftUIComponentsKit in Frameworks */ = {isa = PBXBuildFile; productRef = 44F884172DFE3EDD0090561D /* SwiftUIComponentsKit */; };
/* End PBXBuildFile section */

/* Begin PBXContainerItemProxy section */
		4499297F2DCAE24700F75256 /* PBXContainerItemProxy */ = {
			isa = PBXContainerItemProxy;
			containerPortal = 449929662DCAE24500F75256 /* Project object */;
			proxyType = 1;
			remoteGlobalIDString = 4499296D2DCAE24500F75256;
			remoteInfo = SpotifyClone;
		};
		449929892DCAE24700F75256 /* PBXContainerItemProxy */ = {
			isa = PBXContainerItemProxy;
			containerPortal = 449929662DCAE24500F75256 /* Project object */;
			proxyType = 1;
			remoteGlobalIDString = 4499296D2DCAE24500F75256;
			remoteInfo = SpotifyClone;
		};
/* End PBXContainerItemProxy section */

/* Begin PBXFileReference section */
		440CFDDC2E0C44C2005EEB93 /* BottomTabView.swift */ = {isa = PBXFileReference; lastKnownFileType = sourcecode.swift; path = BottomTabView.swift; sourceTree = "<group>"; };
		440CFDE52E0C749B005EEB93 /* HomeScreen.swift */ = {isa = PBXFileReference; lastKnownFileType = sourcecode.swift; path = HomeScreen.swift; sourceTree = "<group>"; };
		440CFDE92E0CB214005EEB93 /* APIConfig.swift */ = {isa = PBXFileReference; fileEncoding = 4; lastKnownFileType = sourcecode.swift; path = APIConfig.swift; sourceTree = "<group>"; };
		440CFDEA2E0CB214005EEB93 /* NetworkClientProtocol.swift */ = {isa = PBXFileReference; fileEncoding = 4; lastKnownFileType = sourcecode.swift; path = NetworkClientProtocol.swift; sourceTree = "<group>"; };
		440CFDEB2E0CB214005EEB93 /* DefaultNetworkClient.swift */ = {isa = PBXFileReference; fileEncoding = 4; lastKnownFileType = sourcecode.swift; path = DefaultNetworkClient.swift; sourceTree = "<group>"; };
		440CFDF02E0CB26A005EEB93 /* AppError.swift */ = {isa = PBXFileReference; lastKnownFileType = sourcecode.swift; path = AppError.swift; sourceTree = "<group>"; };
		440CFDF72E0CCE5A005EEB93 /* ApiDataManagerProtocol.swift */ = {isa = PBXFileReference; lastKnownFileType = sourcecode.swift; path = ApiDataManagerProtocol.swift; sourceTree = "<group>"; };
		440CFDFB2E0CCEBC005EEB93 /* TopArtistsDTO.swift */ = {isa = PBXFileReference; lastKnownFileType = sourcecode.swift; path = TopArtistsDTO.swift; sourceTree = "<group>"; };
		440CFDFD2E0CCEFB005EEB93 /* TopTracksDTO.swift */ = {isa = PBXFileReference; lastKnownFileType = sourcecode.swift; path = TopTracksDTO.swift; sourceTree = "<group>"; };
		440CFDFF2E0CD18B005EEB93 /* APIDataManager.swift */ = {isa = PBXFileReference; lastKnownFileType = sourcecode.swift; path = APIDataManager.swift; sourceTree = "<group>"; };
		440CFE022E0CD26A005EEB93 /* AppRepositoryProtocol.swift */ = {isa = PBXFileReference; lastKnownFileType = sourcecode.swift; path = AppRepositoryProtocol.swift; sourceTree = "<group>"; };
		440CFE052E0CD2CF005EEB93 /* TopTrackDomain.swift */ = {isa = PBXFileReference; lastKnownFileType = sourcecode.swift; path = TopTrackDomain.swift; sourceTree = "<group>"; };
		440CFE082E0CD337005EEB93 /* DataMapper.swift */ = {isa = PBXFileReference; lastKnownFileType = sourcecode.swift; path = DataMapper.swift; sourceTree = "<group>"; };
		440CFE0A2E0CD658005EEB93 /* AppRepository.swift */ = {isa = PBXFileReference; lastKnownFileType = sourcecode.swift; path = AppRepository.swift; sourceTree = "<group>"; };
		440CFE0E2E0CD80B005EEB93 /* DomainMapper.swift */ = {isa = PBXFileReference; lastKnownFileType = sourcecode.swift; path = DomainMapper.swift; sourceTree = "<group>"; };
		440CFE102E0CD85A005EEB93 /* TopTrack.swift */ = {isa = PBXFileReference; lastKnownFileType = sourcecode.swift; path = TopTrack.swift; sourceTree = "<group>"; };
		440CFE122E0CD9BC005EEB93 /* GetTopTracksUseCaseProtocol.swift */ = {isa = PBXFileReference; lastKnownFileType = sourcecode.swift; path = GetTopTracksUseCaseProtocol.swift; sourceTree = "<group>"; };
		440CFE142E0CD9FA005EEB93 /* GetTopTracksUseCase.swift */ = {isa = PBXFileReference; lastKnownFileType = sourcecode.swift; path = GetTopTracksUseCase.swift; sourceTree = "<group>"; };
		440CFE162E0CDA4F005EEB93 /* HomeViewModel.swift */ = {isa = PBXFileReference; lastKnownFileType = sourcecode.swift; path = HomeViewModel.swift; sourceTree = "<group>"; };
		440CFE182E0CDA76005EEB93 /* HomeViewModelProtocol.swift */ = {isa = PBXFileReference; lastKnownFileType = sourcecode.swift; path = HomeViewModelProtocol.swift; sourceTree = "<group>"; };
		440CFE1B2E0CDFB3005EEB93 /* HomeWireframe.swift */ = {isa = PBXFileReference; lastKnownFileType = sourcecode.swift; path = HomeWireframe.swift; sourceTree = "<group>"; };
		440CFE1D2E0CE184005EEB93 /* NetworkErrorMapper.swift */ = {isa = PBXFileReference; fileEncoding = 4; lastKnownFileType = sourcecode.swift; path = NetworkErrorMapper.swift; sourceTree = "<group>"; };
		440CFE242E0DA1E6005EEB93 /* MainView.swift */ = {isa = PBXFileReference; lastKnownFileType = sourcecode.swift; path = MainView.swift; sourceTree = "<group>"; };
		440CFE272E0DA29C005EEB93 /* AudioPlayerManager.swift */ = {isa = PBXFileReference; lastKnownFileType = sourcecode.swift; path = AudioPlayerManager.swift; sourceTree = "<group>"; };
		440CFE2E2E0DE63E005EEB93 /* MainWireframe.swift */ = {isa = PBXFileReference; lastKnownFileType = sourcecode.swift; path = MainWireframe.swift; sourceTree = "<group>"; };
		445B67482E10C13E0073DC64 /* ScreenState.swift */ = {isa = PBXFileReference; lastKnownFileType = sourcecode.swift; path = ScreenState.swift; sourceTree = "<group>"; };
		445B674A2E10F1360073DC64 /* TopArtistsDomain.swift */ = {isa = PBXFileReference; lastKnownFileType = sourcecode.swift; path = TopArtistsDomain.swift; sourceTree = "<group>"; };
		445B674C2E10F1EB0073DC64 /* TopArtist.swift */ = {isa = PBXFileReference; lastKnownFileType = sourcecode.swift; path = TopArtist.swift; sourceTree = "<group>"; };
		445B67502E10F2D70073DC64 /* GetTopArtistsUseCaseProtocol.swift */ = {isa = PBXFileReference; lastKnownFileType = sourcecode.swift; path = GetTopArtistsUseCaseProtocol.swift; sourceTree = "<group>"; };
		445B67522E10F3150073DC64 /* GetTopArtistsUseCase.swift */ = {isa = PBXFileReference; lastKnownFileType = sourcecode.swift; path = GetTopArtistsUseCase.swift; sourceTree = "<group>"; };
		445B67542E10FE920073DC64 /* TopPlayListDTO.swift */ = {isa = PBXFileReference; lastKnownFileType = sourcecode.swift; path = TopPlayListDTO.swift; sourceTree = "<group>"; };
		445B67562E1100DF0073DC64 /* TopPlayListsDomain.swift */ = {isa = PBXFileReference; lastKnownFileType = sourcecode.swift; path = TopPlayListsDomain.swift; sourceTree = "<group>"; };
		445B67582E11026F0073DC64 /* TopPlayLists.swift */ = {isa = PBXFileReference; lastKnownFileType = sourcecode.swift; path = TopPlayLists.swift; sourceTree = "<group>"; };
		445B675B2E1103A10073DC64 /* GetTopPlayListsUseCaseProtocol.swift */ = {isa = PBXFileReference; lastKnownFileType = sourcecode.swift; path = GetTopPlayListsUseCaseProtocol.swift; sourceTree = "<group>"; };
		445B675D2E1103CC0073DC64 /* GetTopPlayListsUseCase.swift */ = {isa = PBXFileReference; lastKnownFileType = sourcecode.swift; path = GetTopPlayListsUseCase.swift; sourceTree = "<group>"; };
		445B675F2E1107B50073DC64 /* GIFView.swift */ = {isa = PBXFileReference; lastKnownFileType = sourcecode.swift; path = GIFView.swift; sourceTree = "<group>"; };
		445B67622E1107E20073DC64 /* UIImageExtension.swift */ = {isa = PBXFileReference; lastKnownFileType = sourcecode.swift; path = UIImageExtension.swift; sourceTree = "<group>"; };
		445B67642E11EA560073DC64 /* MainViewModelProtocol.swift */ = {isa = PBXFileReference; lastKnownFileType = sourcecode.swift; path = MainViewModelProtocol.swift; sourceTree = "<group>"; };
		445B67662E11EAB70073DC64 /* MainViewModel.swift */ = {isa = PBXFileReference; lastKnownFileType = sourcecode.swift; path = MainViewModel.swift; sourceTree = "<group>"; };
		445B67682E12003F0073DC64 /* TrackDetailDTO.swift */ = {isa = PBXFileReference; lastKnownFileType = sourcecode.swift; path = TrackDetailDTO.swift; sourceTree = "<group>"; };
		445B676E2E1203F20073DC64 /* TrackDetailContributorDTO.swift */ = {isa = PBXFileReference; lastKnownFileType = sourcecode.swift; path = TrackDetailContributorDTO.swift; sourceTree = "<group>"; };
		445B67712E1204190073DC64 /* TrackDetailAlbumDTO.swift */ = {isa = PBXFileReference; lastKnownFileType = sourcecode.swift; path = TrackDetailAlbumDTO.swift; sourceTree = "<group>"; };
		445B67732E1204820073DC64 /* TrackDetailDomain.swift */ = {isa = PBXFileReference; lastKnownFileType = sourcecode.swift; path = TrackDetailDomain.swift; sourceTree = "<group>"; };
		445B67752E1205820073DC64 /* TrackDetail.swift */ = {isa = PBXFileReference; lastKnownFileType = sourcecode.swift; path = TrackDetail.swift; sourceTree = "<group>"; };
		445B67792E120ACD0073DC64 /* GetTrackDetailUseCaseProtocol.swift */ = {isa = PBXFileReference; lastKnownFileType = sourcecode.swift; path = GetTrackDetailUseCaseProtocol.swift; sourceTree = "<group>"; };
		445B677B2E120AF80073DC64 /* GetTrackDetailUseCase.swift */ = {isa = PBXFileReference; lastKnownFileType = sourcecode.swift; path = GetTrackDetailUseCase.swift; sourceTree = "<group>"; };
		445B67812E1227A20073DC64 /* PlayListScreen.swift */ = {isa = PBXFileReference; lastKnownFileType = sourcecode.swift; path = PlayListScreen.swift; sourceTree = "<group>"; };
		445B67832E1227B80073DC64 /* PlayListViewModelProtocol.swift */ = {isa = PBXFileReference; lastKnownFileType = sourcecode.swift; path = PlayListViewModelProtocol.swift; sourceTree = "<group>"; };
		445B67852E1227F30073DC64 /* PlayListWireframe.swift */ = {isa = PBXFileReference; lastKnownFileType = sourcecode.swift; path = PlayListWireframe.swift; sourceTree = "<group>"; };
		445B67872E1228450073DC64 /* PlayListViewModel.swift */ = {isa = PBXFileReference; lastKnownFileType = sourcecode.swift; path = PlayListViewModel.swift; sourceTree = "<group>"; };
		445B678A2E122C5F0073DC64 /* PlayListDetailDTO.swift */ = {isa = PBXFileReference; lastKnownFileType = sourcecode.swift; path = PlayListDetailDTO.swift; sourceTree = "<group>"; };
		445B678C2E123E9A0073DC64 /* PlayListDetailDomain.swift */ = {isa = PBXFileReference; lastKnownFileType = sourcecode.swift; path = PlayListDetailDomain.swift; sourceTree = "<group>"; };
		445B678F2E12411E0073DC64 /* GetPlayListDetailUseCaseProtocol.swift */ = {isa = PBXFileReference; lastKnownFileType = sourcecode.swift; path = GetPlayListDetailUseCaseProtocol.swift; sourceTree = "<group>"; };
		445B67912E12414C0073DC64 /* PlayListDetail.swift */ = {isa = PBXFileReference; lastKnownFileType = sourcecode.swift; path = PlayListDetail.swift; sourceTree = "<group>"; };
		445B67932E1241950073DC64 /* GetPlayListDetailUseCase.swift */ = {isa = PBXFileReference; lastKnownFileType = sourcecode.swift; path = GetPlayListDetailUseCase.swift; sourceTree = "<group>"; };
		445B67952E1245280073DC64 /* AppNavigation.swift */ = {isa = PBXFileReference; lastKnownFileType = sourcecode.swift; path = AppNavigation.swift; sourceTree = "<group>"; };
		4499296E2DCAE24500F75256 /* SpotifyClone.app */ = {isa = PBXFileReference; explicitFileType = wrapper.application; includeInIndex = 0; path = SpotifyClone.app; sourceTree = BUILT_PRODUCTS_DIR; };
		449929712DCAE24500F75256 /* SpotifyCloneApp.swift */ = {isa = PBXFileReference; lastKnownFileType = sourcecode.swift; path = SpotifyCloneApp.swift; sourceTree = "<group>"; };
		449929732DCAE24500F75256 /* ContentView.swift */ = {isa = PBXFileReference; lastKnownFileType = sourcecode.swift; path = ContentView.swift; sourceTree = "<group>"; };
		449929752DCAE24700F75256 /* Assets.xcassets */ = {isa = PBXFileReference; lastKnownFileType = folder.assetcatalog; path = Assets.xcassets; sourceTree = "<group>"; };
		449929782DCAE24700F75256 /* Preview Assets.xcassets */ = {isa = PBXFileReference; lastKnownFileType = folder.assetcatalog; path = "Preview Assets.xcassets"; sourceTree = "<group>"; };
		4499297E2DCAE24700F75256 /* SpotifyCloneTests.xctest */ = {isa = PBXFileReference; explicitFileType = wrapper.cfbundle; includeInIndex = 0; path = SpotifyCloneTests.xctest; sourceTree = BUILT_PRODUCTS_DIR; };
		449929822DCAE24700F75256 /* SpotifyCloneTests.swift */ = {isa = PBXFileReference; lastKnownFileType = sourcecode.swift; path = SpotifyCloneTests.swift; sourceTree = "<group>"; };
		449929882DCAE24700F75256 /* SpotifyCloneUITests.xctest */ = {isa = PBXFileReference; explicitFileType = wrapper.cfbundle; includeInIndex = 0; path = SpotifyCloneUITests.xctest; sourceTree = BUILT_PRODUCTS_DIR; };
		4499298C2DCAE24700F75256 /* SpotifyCloneUITests.swift */ = {isa = PBXFileReference; lastKnownFileType = sourcecode.swift; path = SpotifyCloneUITests.swift; sourceTree = "<group>"; };
		4499298E2DCAE24700F75256 /* SpotifyCloneUITestsLaunchTests.swift */ = {isa = PBXFileReference; lastKnownFileType = sourcecode.swift; path = SpotifyCloneUITestsLaunchTests.swift; sourceTree = "<group>"; };
/* End PBXFileReference section */

/* Begin PBXFrameworksBuildPhase section */
		4499296B2DCAE24500F75256 /* Frameworks */ = {
			isa = PBXFrameworksBuildPhase;
			buildActionMask = 2147483647;
			files = (
				44F884182DFE3EDD0090561D /* SwiftUIComponentsKit in Frameworks */,
			);
			runOnlyForDeploymentPostprocessing = 0;
		};
		4499297B2DCAE24700F75256 /* Frameworks */ = {
			isa = PBXFrameworksBuildPhase;
			buildActionMask = 2147483647;
			files = (
			);
			runOnlyForDeploymentPostprocessing = 0;
		};
		449929852DCAE24700F75256 /* Frameworks */ = {
			isa = PBXFrameworksBuildPhase;
			buildActionMask = 2147483647;
			files = (
			);
			runOnlyForDeploymentPostprocessing = 0;
		};
/* End PBXFrameworksBuildPhase section */

/* Begin PBXGroup section */
		440CFDDA2E0C448D005EEB93 /* Common */ = {
			isa = PBXGroup;
			children = (
				445B67612E1107D30073DC64 /* Extensions */,
			);
			path = Common;
			sourceTree = "<group>";
		};
		440CFDDB2E0C4498005EEB93 /* Presentation */ = {
			isa = PBXGroup;
			children = (
				445B67472E109E3E0073DC64 /* Common */,
				445B677D2E1227630073DC64 /* PlayList */,
				440CFDDE2E0C5D00005EEB93 /* Entities */,
				440CFE232E0DA1D3005EEB93 /* Main */,
				440CFDDF2E0C7433005EEB93 /* Home */,
			);
			path = Presentation;
			sourceTree = "<group>";
		};
		440CFDDE2E0C5D00005EEB93 /* Entities */ = {
			isa = PBXGroup;
			children = (
				440CFE102E0CD85A005EEB93 /* TopTrack.swift */,
				445B674C2E10F1EB0073DC64 /* TopArtist.swift */,
				445B67582E11026F0073DC64 /* TopPlayLists.swift */,
				445B67752E1205820073DC64 /* TrackDetail.swift */,
				445B67912E12414C0073DC64 /* PlayListDetail.swift */,
			);
			path = Entities;
			sourceTree = "<group>";
		};
		440CFDDF2E0C7433005EEB93 /* Home */ = {
			isa = PBXGroup;
			children = (
				440CFE1A2E0CDFA4005EEB93 /* Wireframe */,
				440CFDE42E0C7484005EEB93 /* ViewModel */,
				440CFDE32E0C7454005EEB93 /* View */,
			);
			path = Home;
			sourceTree = "<group>";
		};
		440CFDE32E0C7454005EEB93 /* View */ = {
			isa = PBXGroup;
			children = (
				440CFDE52E0C749B005EEB93 /* HomeScreen.swift */,
			);
			path = View;
			sourceTree = "<group>";
		};
		440CFDE42E0C7484005EEB93 /* ViewModel */ = {
			isa = PBXGroup;
			children = (
				440CFE162E0CDA4F005EEB93 /* HomeViewModel.swift */,
				440CFE182E0CDA76005EEB93 /* HomeViewModelProtocol.swift */,
			);
			path = ViewModel;
			sourceTree = "<group>";
		};
		440CFDE82E0CB1D8005EEB93 /* API Config */ = {
			isa = PBXGroup;
			children = (
				440CFDE92E0CB214005EEB93 /* APIConfig.swift */,
				440CFDEB2E0CB214005EEB93 /* DefaultNetworkClient.swift */,
				440CFDEA2E0CB214005EEB93 /* NetworkClientProtocol.swift */,
			);
			path = "API Config";
			sourceTree = "<group>";
		};
		440CFDEF2E0CB25C005EEB93 /* Errors */ = {
			isa = PBXGroup;
			children = (
				440CFDF02E0CB26A005EEB93 /* AppError.swift */,
			);
			path = Errors;
			sourceTree = "<group>";
		};
		440CFDF22E0CCD83005EEB93 /* Data */ = {
			isa = PBXGroup;
			children = (
				440CFE072E0CD317005EEB93 /* Mapper */,
				440CFE012E0CD258005EEB93 /* Repository */,
				440CFDF92E0CCE8F005EEB93 /* Entities */,
				440CFDF42E0CCDC5005EEB93 /* DataManager */,
				440CFDEF2E0CB25C005EEB93 /* Errors */,
				440CFDE82E0CB1D8005EEB93 /* API Config */,
			);
			path = Data;
			sourceTree = "<group>";
		};
		440CFDF32E0CCD8A005EEB93 /* Domain */ = {
			isa = PBXGroup;
			children = (
				440CFE0D2E0CD7FE005EEB93 /* UseCases */,
				440CFE0C2E0CD7FB005EEB93 /* Mapper */,
				440CFE042E0CD2A7005EEB93 /* Entities */,
			);
			path = Domain;
			sourceTree = "<group>";
		};
		440CFDF42E0CCDC5005EEB93 /* DataManager */ = {
			isa = PBXGroup;
			children = (
				440CFDF62E0CCDD0005EEB93 /* API */,
				440CFDF52E0CCDCB005EEB93 /* Local */,
			);
			path = DataManager;
			sourceTree = "<group>";
		};
		440CFDF52E0CCDCB005EEB93 /* Local */ = {
			isa = PBXGroup;
			children = (
			);
			path = Local;
			sourceTree = "<group>";
		};
		440CFDF62E0CCDD0005EEB93 /* API */ = {
			isa = PBXGroup;
			children = (
				440CFDF72E0CCE5A005EEB93 /* ApiDataManagerProtocol.swift */,
				440CFDFF2E0CD18B005EEB93 /* APIDataManager.swift */,
			);
			path = API;
			sourceTree = "<group>";
		};
		440CFDF92E0CCE8F005EEB93 /* Entities */ = {
			isa = PBXGroup;
			children = (
				440CFDFA2E0CCEB1005EEB93 /* DTO */,
			);
			path = Entities;
			sourceTree = "<group>";
		};
		440CFDFA2E0CCEB1005EEB93 /* DTO */ = {
			isa = PBXGroup;
			children = (
				445B67892E122C4A0073DC64 /* PlayListDetail */,
				445B676D2E1203C30073DC64 /* TrackDetail */,
				445B676C2E1203BB0073DC64 /* TopPlayLists */,
				445B676B2E1203AC0073DC64 /* TopArtists */,
				445B676A2E1203A20073DC64 /* TopTracks */,
			);
			path = DTO;
			sourceTree = "<group>";
		};
		440CFE012E0CD258005EEB93 /* Repository */ = {
			isa = PBXGroup;
			children = (
				440CFE022E0CD26A005EEB93 /* AppRepositoryProtocol.swift */,
				440CFE0A2E0CD658005EEB93 /* AppRepository.swift */,
			);
			path = Repository;
			sourceTree = "<group>";
		};
		440CFE042E0CD2A7005EEB93 /* Entities */ = {
			isa = PBXGroup;
			children = (
				440CFE052E0CD2CF005EEB93 /* TopTrackDomain.swift */,
				445B674A2E10F1360073DC64 /* TopArtistsDomain.swift */,
				445B67562E1100DF0073DC64 /* TopPlayListsDomain.swift */,
				445B67732E1204820073DC64 /* TrackDetailDomain.swift */,
				445B678C2E123E9A0073DC64 /* PlayListDetailDomain.swift */,
			);
			path = Entities;
			sourceTree = "<group>";
		};
		440CFE072E0CD317005EEB93 /* Mapper */ = {
			isa = PBXGroup;
			children = (
				440CFE1D2E0CE184005EEB93 /* NetworkErrorMapper.swift */,
				440CFE082E0CD337005EEB93 /* DataMapper.swift */,
			);
			path = Mapper;
			sourceTree = "<group>";
		};
		440CFE0C2E0CD7FB005EEB93 /* Mapper */ = {
			isa = PBXGroup;
			children = (
				440CFE0E2E0CD80B005EEB93 /* DomainMapper.swift */,
			);
			path = Mapper;
			sourceTree = "<group>";
		};
		440CFE0D2E0CD7FE005EEB93 /* UseCases */ = {
			isa = PBXGroup;
			children = (
				445B678E2E12410E0073DC64 /* PlayListDetail */,
				445B67772E120A900073DC64 /* TrackDetail */,
				445B675A2E11037E0073DC64 /* TopPlayLists */,
				445B674F2E10F2C50073DC64 /* TopTracks */,
				445B674E2E10F2BC0073DC64 /* TopArtists */,
			);
			path = UseCases;
			sourceTree = "<group>";
		};
		440CFE1A2E0CDFA4005EEB93 /* Wireframe */ = {
			isa = PBXGroup;
			children = (
				440CFE1B2E0CDFB3005EEB93 /* HomeWireframe.swift */,
			);
			path = Wireframe;
			sourceTree = "<group>";
		};
		440CFE232E0DA1D3005EEB93 /* Main */ = {
			isa = PBXGroup;
			children = (
				440CFE2D2E0DE62E005EEB93 /* Wireframe */,
				440CFE262E0DA289005EEB93 /* ViewModel */,
				440CFDDC2E0C44C2005EEB93 /* BottomTabView.swift */,
				440CFE242E0DA1E6005EEB93 /* MainView.swift */,
			);
			path = Main;
			sourceTree = "<group>";
		};
		440CFE262E0DA289005EEB93 /* ViewModel */ = {
			isa = PBXGroup;
			children = (
				440CFE272E0DA29C005EEB93 /* AudioPlayerManager.swift */,
				445B67642E11EA560073DC64 /* MainViewModelProtocol.swift */,
				445B67662E11EAB70073DC64 /* MainViewModel.swift */,
			);
			path = ViewModel;
			sourceTree = "<group>";
		};
		440CFE2D2E0DE62E005EEB93 /* Wireframe */ = {
			isa = PBXGroup;
			children = (
				440CFE2E2E0DE63E005EEB93 /* MainWireframe.swift */,
			);
			path = Wireframe;
			sourceTree = "<group>";
		};
		445B67472E109E3E0073DC64 /* Common */ = {
			isa = PBXGroup;
			children = (
				445B67482E10C13E0073DC64 /* ScreenState.swift */,
				445B675F2E1107B50073DC64 /* GIFView.swift */,
				445B67952E1245280073DC64 /* AppNavigation.swift */,
			);
			path = Common;
			sourceTree = "<group>";
		};
		445B674E2E10F2BC0073DC64 /* TopArtists */ = {
			isa = PBXGroup;
			children = (
				445B67502E10F2D70073DC64 /* GetTopArtistsUseCaseProtocol.swift */,
				445B67522E10F3150073DC64 /* GetTopArtistsUseCase.swift */,
			);
			path = TopArtists;
			sourceTree = "<group>";
		};
		445B674F2E10F2C50073DC64 /* TopTracks */ = {
			isa = PBXGroup;
			children = (
				440CFE142E0CD9FA005EEB93 /* GetTopTracksUseCase.swift */,
				440CFE122E0CD9BC005EEB93 /* GetTopTracksUseCaseProtocol.swift */,
			);
			path = TopTracks;
			sourceTree = "<group>";
		};
		445B675A2E11037E0073DC64 /* TopPlayLists */ = {
			isa = PBXGroup;
			children = (
				445B675B2E1103A10073DC64 /* GetTopPlayListsUseCaseProtocol.swift */,
				445B675D2E1103CC0073DC64 /* GetTopPlayListsUseCase.swift */,
			);
			path = TopPlayLists;
			sourceTree = "<group>";
		};
		445B67612E1107D30073DC64 /* Extensions */ = {
			isa = PBXGroup;
			children = (
				445B67622E1107E20073DC64 /* UIImageExtension.swift */,
			);
			path = Extensions;
			sourceTree = "<group>";
		};
		445B676A2E1203A20073DC64 /* TopTracks */ = {
			isa = PBXGroup;
			children = (
				440CFDFD2E0CCEFB005EEB93 /* TopTracksDTO.swift */,
			);
			path = TopTracks;
			sourceTree = "<group>";
		};
		445B676B2E1203AC0073DC64 /* TopArtists */ = {
			isa = PBXGroup;
			children = (
				440CFDFB2E0CCEBC005EEB93 /* TopArtistsDTO.swift */,
			);
			path = TopArtists;
			sourceTree = "<group>";
		};
		445B676C2E1203BB0073DC64 /* TopPlayLists */ = {
			isa = PBXGroup;
			children = (
				445B67542E10FE920073DC64 /* TopPlayListDTO.swift */,
			);
			path = TopPlayLists;
			sourceTree = "<group>";
		};
		445B676D2E1203C30073DC64 /* TrackDetail */ = {
			isa = PBXGroup;
			children = (
				445B67682E12003F0073DC64 /* TrackDetailDTO.swift */,
				445B676E2E1203F20073DC64 /* TrackDetailContributorDTO.swift */,
				445B67712E1204190073DC64 /* TrackDetailAlbumDTO.swift */,
			);
			path = TrackDetail;
			sourceTree = "<group>";
		};
		445B67772E120A900073DC64 /* TrackDetail */ = {
			isa = PBXGroup;
			children = (
				445B67792E120ACD0073DC64 /* GetTrackDetailUseCaseProtocol.swift */,
				445B677B2E120AF80073DC64 /* GetTrackDetailUseCase.swift */,
			);
			path = TrackDetail;
			sourceTree = "<group>";
		};
		445B677D2E1227630073DC64 /* PlayList */ = {
			isa = PBXGroup;
			children = (
				445B67802E12277A0073DC64 /* Wireframe */,
				445B677F2E1227750073DC64 /* View */,
				445B677E2E12276D0073DC64 /* ViewModel */,
			);
			path = PlayList;
			sourceTree = "<group>";
		};
		445B677E2E12276D0073DC64 /* ViewModel */ = {
			isa = PBXGroup;
			children = (
				445B67832E1227B80073DC64 /* PlayListViewModelProtocol.swift */,
				445B67872E1228450073DC64 /* PlayListViewModel.swift */,
			);
			path = ViewModel;
			sourceTree = "<group>";
		};
		445B677F2E1227750073DC64 /* View */ = {
			isa = PBXGroup;
			children = (
				445B67812E1227A20073DC64 /* PlayListScreen.swift */,
			);
			path = View;
			sourceTree = "<group>";
		};
		445B67802E12277A0073DC64 /* Wireframe */ = {
			isa = PBXGroup;
			children = (
				445B67852E1227F30073DC64 /* PlayListWireframe.swift */,
			);
			path = Wireframe;
			sourceTree = "<group>";
		};
		445B67892E122C4A0073DC64 /* PlayListDetail */ = {
			isa = PBXGroup;
			children = (
				445B678A2E122C5F0073DC64 /* PlayListDetailDTO.swift */,
			);
			path = PlayListDetail;
			sourceTree = "<group>";
		};
		445B678E2E12410E0073DC64 /* PlayListDetail */ = {
			isa = PBXGroup;
			children = (
				445B678F2E12411E0073DC64 /* GetPlayListDetailUseCaseProtocol.swift */,
				445B67932E1241950073DC64 /* GetPlayListDetailUseCase.swift */,
			);
			path = PlayListDetail;
			sourceTree = "<group>";
		};
		449929652DCAE24500F75256 = {
			isa = PBXGroup;
			children = (
				449929702DCAE24500F75256 /* SpotifyClone */,
				449929812DCAE24700F75256 /* SpotifyCloneTests */,
				4499298B2DCAE24700F75256 /* SpotifyCloneUITests */,
				4499296F2DCAE24500F75256 /* Products */,
			);
			sourceTree = "<group>";
		};
		4499296F2DCAE24500F75256 /* Products */ = {
			isa = PBXGroup;
			children = (
				4499296E2DCAE24500F75256 /* SpotifyClone.app */,
				4499297E2DCAE24700F75256 /* SpotifyCloneTests.xctest */,
				449929882DCAE24700F75256 /* SpotifyCloneUITests.xctest */,
			);
			name = Products;
			sourceTree = "<group>";
		};
		449929702DCAE24500F75256 /* SpotifyClone */ = {
			isa = PBXGroup;
			children = (
				440CFDF22E0CCD83005EEB93 /* Data */,
				440CFDF32E0CCD8A005EEB93 /* Domain */,
				440CFDDB2E0C4498005EEB93 /* Presentation */,
				440CFDDA2E0C448D005EEB93 /* Common */,
				449929712DCAE24500F75256 /* SpotifyCloneApp.swift */,
				449929732DCAE24500F75256 /* ContentView.swift */,
				449929752DCAE24700F75256 /* Assets.xcassets */,
				449929772DCAE24700F75256 /* Preview Content */,
			);
			path = SpotifyClone;
			sourceTree = "<group>";
		};
		449929772DCAE24700F75256 /* Preview Content */ = {
			isa = PBXGroup;
			children = (
				449929782DCAE24700F75256 /* Preview Assets.xcassets */,
			);
			path = "Preview Content";
			sourceTree = "<group>";
		};
		449929812DCAE24700F75256 /* SpotifyCloneTests */ = {
			isa = PBXGroup;
			children = (
				449929822DCAE24700F75256 /* SpotifyCloneTests.swift */,
			);
			path = SpotifyCloneTests;
			sourceTree = "<group>";
		};
		4499298B2DCAE24700F75256 /* SpotifyCloneUITests */ = {
			isa = PBXGroup;
			children = (
				4499298C2DCAE24700F75256 /* SpotifyCloneUITests.swift */,
				4499298E2DCAE24700F75256 /* SpotifyCloneUITestsLaunchTests.swift */,
			);
			path = SpotifyCloneUITests;
			sourceTree = "<group>";
		};
/* End PBXGroup section */

/* Begin PBXNativeTarget section */
		4499296D2DCAE24500F75256 /* SpotifyClone */ = {
			isa = PBXNativeTarget;
			buildConfigurationList = 449929922DCAE24700F75256 /* Build configuration list for PBXNativeTarget "SpotifyClone" */;
			buildPhases = (
				4499296A2DCAE24500F75256 /* Sources */,
				4499296B2DCAE24500F75256 /* Frameworks */,
				4499296C2DCAE24500F75256 /* Resources */,
			);
			buildRules = (
			);
			dependencies = (
			);
			name = SpotifyClone;
			packageProductDependencies = (
				44F884172DFE3EDD0090561D /* SwiftUIComponentsKit */,
			);
			productName = SpotifyClone;
			productReference = 4499296E2DCAE24500F75256 /* SpotifyClone.app */;
			productType = "com.apple.product-type.application";
		};
		4499297D2DCAE24700F75256 /* SpotifyCloneTests */ = {
			isa = PBXNativeTarget;
			buildConfigurationList = 449929952DCAE24700F75256 /* Build configuration list for PBXNativeTarget "SpotifyCloneTests" */;
			buildPhases = (
				4499297A2DCAE24700F75256 /* Sources */,
				4499297B2DCAE24700F75256 /* Frameworks */,
				4499297C2DCAE24700F75256 /* Resources */,
			);
			buildRules = (
			);
			dependencies = (
				449929802DCAE24700F75256 /* PBXTargetDependency */,
			);
			name = SpotifyCloneTests;
			productName = SpotifyCloneTests;
			productReference = 4499297E2DCAE24700F75256 /* SpotifyCloneTests.xctest */;
			productType = "com.apple.product-type.bundle.unit-test";
		};
		449929872DCAE24700F75256 /* SpotifyCloneUITests */ = {
			isa = PBXNativeTarget;
			buildConfigurationList = 449929982DCAE24700F75256 /* Build configuration list for PBXNativeTarget "SpotifyCloneUITests" */;
			buildPhases = (
				449929842DCAE24700F75256 /* Sources */,
				449929852DCAE24700F75256 /* Frameworks */,
				449929862DCAE24700F75256 /* Resources */,
			);
			buildRules = (
			);
			dependencies = (
				4499298A2DCAE24700F75256 /* PBXTargetDependency */,
			);
			name = SpotifyCloneUITests;
			productName = SpotifyCloneUITests;
			productReference = 449929882DCAE24700F75256 /* SpotifyCloneUITests.xctest */;
			productType = "com.apple.product-type.bundle.ui-testing";
		};
/* End PBXNativeTarget section */

/* Begin PBXProject section */
		449929662DCAE24500F75256 /* Project object */ = {
			isa = PBXProject;
			attributes = {
				BuildIndependentTargetsInParallel = 1;
				LastSwiftUpdateCheck = 1520;
				LastUpgradeCheck = 1520;
				TargetAttributes = {
					4499296D2DCAE24500F75256 = {
						CreatedOnToolsVersion = 15.2;
					};
					4499297D2DCAE24700F75256 = {
						CreatedOnToolsVersion = 15.2;
						TestTargetID = 4499296D2DCAE24500F75256;
					};
					449929872DCAE24700F75256 = {
						CreatedOnToolsVersion = 15.2;
						TestTargetID = 4499296D2DCAE24500F75256;
					};
				};
			};
			buildConfigurationList = 449929692DCAE24500F75256 /* Build configuration list for PBXProject "SpotifyClone" */;
			compatibilityVersion = "Xcode 14.0";
			developmentRegion = en;
			hasScannedForEncodings = 0;
			knownRegions = (
				en,
				Base,
			);
			mainGroup = 449929652DCAE24500F75256;
			packageReferences = (
				44F884162DFE3EDD0090561D /* XCRemoteSwiftPackageReference "MediaPlayerSwiftUIComponents" */,
			);
			productRefGroup = 4499296F2DCAE24500F75256 /* Products */;
			projectDirPath = "";
			projectRoot = "";
			targets = (
				4499296D2DCAE24500F75256 /* SpotifyClone */,
				4499297D2DCAE24700F75256 /* SpotifyCloneTests */,
				449929872DCAE24700F75256 /* SpotifyCloneUITests */,
			);
		};
/* End PBXProject section */

/* Begin PBXResourcesBuildPhase section */
		4499296C2DCAE24500F75256 /* Resources */ = {
			isa = PBXResourcesBuildPhase;
			buildActionMask = 2147483647;
			files = (
				449929792DCAE24700F75256 /* Preview Assets.xcassets in Resources */,
				449929762DCAE24700F75256 /* Assets.xcassets in Resources */,
			);
			runOnlyForDeploymentPostprocessing = 0;
		};
		4499297C2DCAE24700F75256 /* Resources */ = {
			isa = PBXResourcesBuildPhase;
			buildActionMask = 2147483647;
			files = (
			);
			runOnlyForDeploymentPostprocessing = 0;
		};
		449929862DCAE24700F75256 /* Resources */ = {
			isa = PBXResourcesBuildPhase;
			buildActionMask = 2147483647;
			files = (
			);
			runOnlyForDeploymentPostprocessing = 0;
		};
/* End PBXResourcesBuildPhase section */

/* Begin PBXSourcesBuildPhase section */
		4499296A2DCAE24500F75256 /* Sources */ = {
			isa = PBXSourcesBuildPhase;
			buildActionMask = 2147483647;
			files = (
				445B67902E12411E0073DC64 /* GetPlayListDetailUseCaseProtocol.swift in Sources */,
				440CFE152E0CD9FA005EEB93 /* GetTopTracksUseCase.swift in Sources */,
				445B67602E1107B50073DC64 /* GIFView.swift in Sources */,
				445B67942E1241950073DC64 /* GetPlayListDetailUseCase.swift in Sources */,
				445B677A2E120ACD0073DC64 /* GetTrackDetailUseCaseProtocol.swift in Sources */,
				440CFE0F2E0CD80B005EEB93 /* DomainMapper.swift in Sources */,
				445B675E2E1103CC0073DC64 /* GetTopPlayListsUseCase.swift in Sources */,
				445B67632E1107E20073DC64 /* UIImageExtension.swift in Sources */,
				440CFDFE2E0CCEFB005EEB93 /* TopTracksDTO.swift in Sources */,
				445B678B2E122C5F0073DC64 /* PlayListDetailDTO.swift in Sources */,
				445B677C2E120AF80073DC64 /* GetTrackDetailUseCase.swift in Sources */,
				445B67722E1204190073DC64 /* TrackDetailAlbumDTO.swift in Sources */,
				440CFE092E0CD337005EEB93 /* DataMapper.swift in Sources */,
				440CFE062E0CD2CF005EEB93 /* TopTrackDomain.swift in Sources */,
				440CFDFC2E0CCEBC005EEB93 /* TopArtistsDTO.swift in Sources */,
				440CFE112E0CD85A005EEB93 /* TopTrack.swift in Sources */,
				445B678D2E123E9A0073DC64 /* PlayListDetailDomain.swift in Sources */,
				445B67672E11EAB70073DC64 /* MainViewModel.swift in Sources */,
				440CFE282E0DA29C005EEB93 /* AudioPlayerManager.swift in Sources */,
				445B674B2E10F1360073DC64 /* TopArtistsDomain.swift in Sources */,
				440CFE1C2E0CDFB3005EEB93 /* HomeWireframe.swift in Sources */,
				445B67922E12414C0073DC64 /* PlayListDetail.swift in Sources */,
				445B675C2E1103A10073DC64 /* GetTopPlayListsUseCaseProtocol.swift in Sources */,
				440CFE192E0CDA76005EEB93 /* HomeViewModelProtocol.swift in Sources */,
				440CFDE62E0C749B005EEB93 /* HomeScreen.swift in Sources */,
				440CFDF82E0CCE5A005EEB93 /* ApiDataManagerProtocol.swift in Sources */,
				449929742DCAE24500F75256 /* ContentView.swift in Sources */,
				440CFDEE2E0CB214005EEB93 /* DefaultNetworkClient.swift in Sources */,
				449929722DCAE24500F75256 /* SpotifyCloneApp.swift in Sources */,
				445B67552E10FE920073DC64 /* TopPlayListDTO.swift in Sources */,
				440CFE032E0CD26A005EEB93 /* AppRepositoryProtocol.swift in Sources */,
				440CFDF12E0CB26A005EEB93 /* AppError.swift in Sources */,
				440CFE132E0CD9BC005EEB93 /* GetTopTracksUseCaseProtocol.swift in Sources */,
				445B67822E1227A20073DC64 /* PlayListScreen.swift in Sources */,
				445B67512E10F2D70073DC64 /* GetTopArtistsUseCaseProtocol.swift in Sources */,
				440CFE2F2E0DE63E005EEB93 /* MainWireframe.swift in Sources */,
				445B67532E10F3150073DC64 /* GetTopArtistsUseCase.swift in Sources */,
				445B67572E1100DF0073DC64 /* TopPlayListsDomain.swift in Sources */,
				445B67862E1227F30073DC64 /* PlayListWireframe.swift in Sources */,
				445B674D2E10F1EB0073DC64 /* TopArtist.swift in Sources */,
				440CFDDD2E0C44C2005EEB93 /* BottomTabView.swift in Sources */,
				445B67742E1204820073DC64 /* TrackDetailDomain.swift in Sources */,
				440CFE172E0CDA4F005EEB93 /* HomeViewModel.swift in Sources */,
				440CFE252E0DA1E6005EEB93 /* MainView.swift in Sources */,
				445B67592E11026F0073DC64 /* TopPlayLists.swift in Sources */,
				445B67762E1205820073DC64 /* TrackDetail.swift in Sources */,
				445B67692E12003F0073DC64 /* TrackDetailDTO.swift in Sources */,
				445B67652E11EA560073DC64 /* MainViewModelProtocol.swift in Sources */,
				440CFDEC2E0CB214005EEB93 /* APIConfig.swift in Sources */,
				445B67962E1245280073DC64 /* AppNavigation.swift in Sources */,
				445B67882E1228450073DC64 /* PlayListViewModel.swift in Sources */,
				440CFE1E2E0CE184005EEB93 /* NetworkErrorMapper.swift in Sources */,
				445B67842E1227B80073DC64 /* PlayListViewModelProtocol.swift in Sources */,
				440CFE002E0CD18B005EEB93 /* APIDataManager.swift in Sources */,
				445B67492E10C13E0073DC64 /* ScreenState.swift in Sources */,
				440CFDED2E0CB214005EEB93 /* NetworkClientProtocol.swift in Sources */,
				440CFE0B2E0CD658005EEB93 /* AppRepository.swift in Sources */,
				445B676F2E1203F20073DC64 /* TrackDetailContributorDTO.swift in Sources */,
			);
			runOnlyForDeploymentPostprocessing = 0;
		};
		4499297A2DCAE24700F75256 /* Sources */ = {
			isa = PBXSourcesBuildPhase;
			buildActionMask = 2147483647;
			files = (
				449929832DCAE24700F75256 /* SpotifyCloneTests.swift in Sources */,
			);
			runOnlyForDeploymentPostprocessing = 0;
		};
		449929842DCAE24700F75256 /* Sources */ = {
			isa = PBXSourcesBuildPhase;
			buildActionMask = 2147483647;
			files = (
				4499298D2DCAE24700F75256 /* SpotifyCloneUITests.swift in Sources */,
				4499298F2DCAE24700F75256 /* SpotifyCloneUITestsLaunchTests.swift in Sources */,
			);
			runOnlyForDeploymentPostprocessing = 0;
		};
/* End PBXSourcesBuildPhase section */

/* Begin PBXTargetDependency section */
		449929802DCAE24700F75256 /* PBXTargetDependency */ = {
			isa = PBXTargetDependency;
			target = 4499296D2DCAE24500F75256 /* SpotifyClone */;
			targetProxy = 4499297F2DCAE24700F75256 /* PBXContainerItemProxy */;
		};
		4499298A2DCAE24700F75256 /* PBXTargetDependency */ = {
			isa = PBXTargetDependency;
			target = 4499296D2DCAE24500F75256 /* SpotifyClone */;
			targetProxy = 449929892DCAE24700F75256 /* PBXContainerItemProxy */;
		};
/* End PBXTargetDependency section */

/* Begin XCBuildConfiguration section */
		449929902DCAE24700F75256 /* Debug */ = {
			isa = XCBuildConfiguration;
			buildSettings = {
				ALWAYS_SEARCH_USER_PATHS = NO;
				ASSETCATALOG_COMPILER_GENERATE_SWIFT_ASSET_SYMBOL_EXTENSIONS = YES;
				CLANG_ANALYZER_NONNULL = YES;
				CLANG_ANALYZER_NUMBER_OBJECT_CONVERSION = YES_AGGRESSIVE;
				CLANG_CXX_LANGUAGE_STANDARD = "gnu++20";
				CLANG_ENABLE_MODULES = YES;
				CLANG_ENABLE_OBJC_ARC = YES;
				CLANG_ENABLE_OBJC_WEAK = YES;
				CLANG_WARN_BLOCK_CAPTURE_AUTORELEASING = YES;
				CLANG_WARN_BOOL_CONVERSION = YES;
				CLANG_WARN_COMMA = YES;
				CLANG_WARN_CONSTANT_CONVERSION = YES;
				CLANG_WARN_DEPRECATED_OBJC_IMPLEMENTATIONS = YES;
				CLANG_WARN_DIRECT_OBJC_ISA_USAGE = YES_ERROR;
				CLANG_WARN_DOCUMENTATION_COMMENTS = YES;
				CLANG_WARN_EMPTY_BODY = YES;
				CLANG_WARN_ENUM_CONVERSION = YES;
				CLANG_WARN_INFINITE_RECURSION = YES;
				CLANG_WARN_INT_CONVERSION = YES;
				CLANG_WARN_NON_LITERAL_NULL_CONVERSION = YES;
				CLANG_WARN_OBJC_IMPLICIT_RETAIN_SELF = YES;
				CLANG_WARN_OBJC_LITERAL_CONVERSION = YES;
				CLANG_WARN_OBJC_ROOT_CLASS = YES_ERROR;
				CLANG_WARN_QUOTED_INCLUDE_IN_FRAMEWORK_HEADER = YES;
				CLANG_WARN_RANGE_LOOP_ANALYSIS = YES;
				CLANG_WARN_STRICT_PROTOTYPES = YES;
				CLANG_WARN_SUSPICIOUS_MOVE = YES;
				CLANG_WARN_UNGUARDED_AVAILABILITY = YES_AGGRESSIVE;
				CLANG_WARN_UNREACHABLE_CODE = YES;
				CLANG_WARN__DUPLICATE_METHOD_MATCH = YES;
				COPY_PHASE_STRIP = NO;
				DEBUG_INFORMATION_FORMAT = dwarf;
				ENABLE_STRICT_OBJC_MSGSEND = YES;
				ENABLE_TESTABILITY = YES;
				ENABLE_USER_SCRIPT_SANDBOXING = YES;
				GCC_C_LANGUAGE_STANDARD = gnu17;
				GCC_DYNAMIC_NO_PIC = NO;
				GCC_NO_COMMON_BLOCKS = YES;
				GCC_OPTIMIZATION_LEVEL = 0;
				GCC_PREPROCESSOR_DEFINITIONS = (
					"DEBUG=1",
					"$(inherited)",
				);
				GCC_WARN_64_TO_32_BIT_CONVERSION = YES;
				GCC_WARN_ABOUT_RETURN_TYPE = YES_ERROR;
				GCC_WARN_UNDECLARED_SELECTOR = YES;
				GCC_WARN_UNINITIALIZED_AUTOS = YES_AGGRESSIVE;
				GCC_WARN_UNUSED_FUNCTION = YES;
				GCC_WARN_UNUSED_VARIABLE = YES;
				IPHONEOS_DEPLOYMENT_TARGET = 17.2;
				LOCALIZATION_PREFERS_STRING_CATALOGS = YES;
				MTL_ENABLE_DEBUG_INFO = INCLUDE_SOURCE;
				MTL_FAST_MATH = YES;
				ONLY_ACTIVE_ARCH = YES;
				SDKROOT = iphoneos;
				SWIFT_ACTIVE_COMPILATION_CONDITIONS = "DEBUG $(inherited)";
				SWIFT_OPTIMIZATION_LEVEL = "-Onone";
			};
			name = Debug;
		};
		449929912DCAE24700F75256 /* Release */ = {
			isa = XCBuildConfiguration;
			buildSettings = {
				ALWAYS_SEARCH_USER_PATHS = NO;
				ASSETCATALOG_COMPILER_GENERATE_SWIFT_ASSET_SYMBOL_EXTENSIONS = YES;
				CLANG_ANALYZER_NONNULL = YES;
				CLANG_ANALYZER_NUMBER_OBJECT_CONVERSION = YES_AGGRESSIVE;
				CLANG_CXX_LANGUAGE_STANDARD = "gnu++20";
				CLANG_ENABLE_MODULES = YES;
				CLANG_ENABLE_OBJC_ARC = YES;
				CLANG_ENABLE_OBJC_WEAK = YES;
				CLANG_WARN_BLOCK_CAPTURE_AUTORELEASING = YES;
				CLANG_WARN_BOOL_CONVERSION = YES;
				CLANG_WARN_COMMA = YES;
				CLANG_WARN_CONSTANT_CONVERSION = YES;
				CLANG_WARN_DEPRECATED_OBJC_IMPLEMENTATIONS = YES;
				CLANG_WARN_DIRECT_OBJC_ISA_USAGE = YES_ERROR;
				CLANG_WARN_DOCUMENTATION_COMMENTS = YES;
				CLANG_WARN_EMPTY_BODY = YES;
				CLANG_WARN_ENUM_CONVERSION = YES;
				CLANG_WARN_INFINITE_RECURSION = YES;
				CLANG_WARN_INT_CONVERSION = YES;
				CLANG_WARN_NON_LITERAL_NULL_CONVERSION = YES;
				CLANG_WARN_OBJC_IMPLICIT_RETAIN_SELF = YES;
				CLANG_WARN_OBJC_LITERAL_CONVERSION = YES;
				CLANG_WARN_OBJC_ROOT_CLASS = YES_ERROR;
				CLANG_WARN_QUOTED_INCLUDE_IN_FRAMEWORK_HEADER = YES;
				CLANG_WARN_RANGE_LOOP_ANALYSIS = YES;
				CLANG_WARN_STRICT_PROTOTYPES = YES;
				CLANG_WARN_SUSPICIOUS_MOVE = YES;
				CLANG_WARN_UNGUARDED_AVAILABILITY = YES_AGGRESSIVE;
				CLANG_WARN_UNREACHABLE_CODE = YES;
				CLANG_WARN__DUPLICATE_METHOD_MATCH = YES;
				COPY_PHASE_STRIP = NO;
				DEBUG_INFORMATION_FORMAT = "dwarf-with-dsym";
				ENABLE_NS_ASSERTIONS = NO;
				ENABLE_STRICT_OBJC_MSGSEND = YES;
				ENABLE_USER_SCRIPT_SANDBOXING = YES;
				GCC_C_LANGUAGE_STANDARD = gnu17;
				GCC_NO_COMMON_BLOCKS = YES;
				GCC_WARN_64_TO_32_BIT_CONVERSION = YES;
				GCC_WARN_ABOUT_RETURN_TYPE = YES_ERROR;
				GCC_WARN_UNDECLARED_SELECTOR = YES;
				GCC_WARN_UNINITIALIZED_AUTOS = YES_AGGRESSIVE;
				GCC_WARN_UNUSED_FUNCTION = YES;
				GCC_WARN_UNUSED_VARIABLE = YES;
				IPHONEOS_DEPLOYMENT_TARGET = 17.2;
				LOCALIZATION_PREFERS_STRING_CATALOGS = YES;
				MTL_ENABLE_DEBUG_INFO = NO;
				MTL_FAST_MATH = YES;
				SDKROOT = iphoneos;
				SWIFT_COMPILATION_MODE = wholemodule;
				VALIDATE_PRODUCT = YES;
			};
			name = Release;
		};
		449929932DCAE24700F75256 /* Debug */ = {
			isa = XCBuildConfiguration;
			buildSettings = {
				ASSETCATALOG_COMPILER_APPICON_NAME = AppIcon;
				ASSETCATALOG_COMPILER_GLOBAL_ACCENT_COLOR_NAME = AccentColor;
				CODE_SIGN_STYLE = Automatic;
				CURRENT_PROJECT_VERSION = 1;
				DEVELOPMENT_ASSET_PATHS = "\"SpotifyClone/Preview Content\"";
				DEVELOPMENT_TEAM = TJQTC4Z365;
				ENABLE_PREVIEWS = YES;
				GENERATE_INFOPLIST_FILE = YES;
				INFOPLIST_KEY_UIApplicationSceneManifest_Generation = YES;
				INFOPLIST_KEY_UIApplicationSupportsIndirectInputEvents = YES;
				INFOPLIST_KEY_UILaunchScreen_Generation = YES;
				INFOPLIST_KEY_UISupportedInterfaceOrientations_iPad = "UIInterfaceOrientationPortrait UIInterfaceOrientationPortraitUpsideDown UIInterfaceOrientationLandscapeLeft UIInterfaceOrientationLandscapeRight";
				INFOPLIST_KEY_UISupportedInterfaceOrientations_iPhone = "UIInterfaceOrientationPortrait UIInterfaceOrientationLandscapeLeft UIInterfaceOrientationLandscapeRight";
				LD_RUNPATH_SEARCH_PATHS = (
					"$(inherited)",
					"@executable_path/Frameworks",
				);
				MARKETING_VERSION = 1.0;
				PRODUCT_BUNDLE_IDENTIFIER = com.gustavovillada.SpotifyClone;
				PRODUCT_NAME = "$(TARGET_NAME)";
				SWIFT_EMIT_LOC_STRINGS = YES;
				SWIFT_VERSION = 5.0;
				TARGETED_DEVICE_FAMILY = "1,2";
			};
			name = Debug;
		};
		449929942DCAE24700F75256 /* Release */ = {
			isa = XCBuildConfiguration;
			buildSettings = {
				ASSETCATALOG_COMPILER_APPICON_NAME = AppIcon;
				ASSETCATALOG_COMPILER_GLOBAL_ACCENT_COLOR_NAME = AccentColor;
				CODE_SIGN_STYLE = Automatic;
				CURRENT_PROJECT_VERSION = 1;
				DEVELOPMENT_ASSET_PATHS = "\"SpotifyClone/Preview Content\"";
				DEVELOPMENT_TEAM = TJQTC4Z365;
				ENABLE_PREVIEWS = YES;
				GENERATE_INFOPLIST_FILE = YES;
				INFOPLIST_KEY_UIApplicationSceneManifest_Generation = YES;
				INFOPLIST_KEY_UIApplicationSupportsIndirectInputEvents = YES;
				INFOPLIST_KEY_UILaunchScreen_Generation = YES;
				INFOPLIST_KEY_UISupportedInterfaceOrientations_iPad = "UIInterfaceOrientationPortrait UIInterfaceOrientationPortraitUpsideDown UIInterfaceOrientationLandscapeLeft UIInterfaceOrientationLandscapeRight";
				INFOPLIST_KEY_UISupportedInterfaceOrientations_iPhone = "UIInterfaceOrientationPortrait UIInterfaceOrientationLandscapeLeft UIInterfaceOrientationLandscapeRight";
				LD_RUNPATH_SEARCH_PATHS = (
					"$(inherited)",
					"@executable_path/Frameworks",
				);
				MARKETING_VERSION = 1.0;
				PRODUCT_BUNDLE_IDENTIFIER = com.gustavovillada.SpotifyClone;
				PRODUCT_NAME = "$(TARGET_NAME)";
				SWIFT_EMIT_LOC_STRINGS = YES;
				SWIFT_VERSION = 5.0;
				TARGETED_DEVICE_FAMILY = "1,2";
			};
			name = Release;
		};
		449929962DCAE24700F75256 /* Debug */ = {
			isa = XCBuildConfiguration;
			buildSettings = {
				ALWAYS_EMBED_SWIFT_STANDARD_LIBRARIES = YES;
				BUNDLE_LOADER = "$(TEST_HOST)";
				CODE_SIGN_STYLE = Automatic;
				CURRENT_PROJECT_VERSION = 1;
				GENERATE_INFOPLIST_FILE = YES;
				IPHONEOS_DEPLOYMENT_TARGET = 17.2;
				MARKETING_VERSION = 1.0;
				PRODUCT_BUNDLE_IDENTIFIER = com.gustavovillada.SpotifyCloneTests;
				PRODUCT_NAME = "$(TARGET_NAME)";
				SWIFT_EMIT_LOC_STRINGS = NO;
				SWIFT_VERSION = 5.0;
				TARGETED_DEVICE_FAMILY = "1,2";
				TEST_HOST = "$(BUILT_PRODUCTS_DIR)/SpotifyClone.app/$(BUNDLE_EXECUTABLE_FOLDER_PATH)/SpotifyClone";
			};
			name = Debug;
		};
		449929972DCAE24700F75256 /* Release */ = {
			isa = XCBuildConfiguration;
			buildSettings = {
				ALWAYS_EMBED_SWIFT_STANDARD_LIBRARIES = YES;
				BUNDLE_LOADER = "$(TEST_HOST)";
				CODE_SIGN_STYLE = Automatic;
				CURRENT_PROJECT_VERSION = 1;
				GENERATE_INFOPLIST_FILE = YES;
				IPHONEOS_DEPLOYMENT_TARGET = 17.2;
				MARKETING_VERSION = 1.0;
				PRODUCT_BUNDLE_IDENTIFIER = com.gustavovillada.SpotifyCloneTests;
				PRODUCT_NAME = "$(TARGET_NAME)";
				SWIFT_EMIT_LOC_STRINGS = NO;
				SWIFT_VERSION = 5.0;
				TARGETED_DEVICE_FAMILY = "1,2";
				TEST_HOST = "$(BUILT_PRODUCTS_DIR)/SpotifyClone.app/$(BUNDLE_EXECUTABLE_FOLDER_PATH)/SpotifyClone";
			};
			name = Release;
		};
		449929992DCAE24700F75256 /* Debug */ = {
			isa = XCBuildConfiguration;
			buildSettings = {
				ALWAYS_EMBED_SWIFT_STANDARD_LIBRARIES = YES;
				CODE_SIGN_STYLE = Automatic;
				CURRENT_PROJECT_VERSION = 1;
				GENERATE_INFOPLIST_FILE = YES;
				MARKETING_VERSION = 1.0;
				PRODUCT_BUNDLE_IDENTIFIER = com.gustavovillada.SpotifyCloneUITests;
				PRODUCT_NAME = "$(TARGET_NAME)";
				SWIFT_EMIT_LOC_STRINGS = NO;
				SWIFT_VERSION = 5.0;
				TARGETED_DEVICE_FAMILY = "1,2";
				TEST_TARGET_NAME = SpotifyClone;
			};
			name = Debug;
		};
		4499299A2DCAE24700F75256 /* Release */ = {
			isa = XCBuildConfiguration;
			buildSettings = {
				ALWAYS_EMBED_SWIFT_STANDARD_LIBRARIES = YES;
				CODE_SIGN_STYLE = Automatic;
				CURRENT_PROJECT_VERSION = 1;
				GENERATE_INFOPLIST_FILE = YES;
				MARKETING_VERSION = 1.0;
				PRODUCT_BUNDLE_IDENTIFIER = com.gustavovillada.SpotifyCloneUITests;
				PRODUCT_NAME = "$(TARGET_NAME)";
				SWIFT_EMIT_LOC_STRINGS = NO;
				SWIFT_VERSION = 5.0;
				TARGETED_DEVICE_FAMILY = "1,2";
				TEST_TARGET_NAME = SpotifyClone;
			};
			name = Release;
		};
/* End XCBuildConfiguration section */

/* Begin XCConfigurationList section */
		449929692DCAE24500F75256 /* Build configuration list for PBXProject "SpotifyClone" */ = {
			isa = XCConfigurationList;
			buildConfigurations = (
				449929902DCAE24700F75256 /* Debug */,
				449929912DCAE24700F75256 /* Release */,
			);
			defaultConfigurationIsVisible = 0;
			defaultConfigurationName = Release;
		};
		449929922DCAE24700F75256 /* Build configuration list for PBXNativeTarget "SpotifyClone" */ = {
			isa = XCConfigurationList;
			buildConfigurations = (
				449929932DCAE24700F75256 /* Debug */,
				449929942DCAE24700F75256 /* Release */,
			);
			defaultConfigurationIsVisible = 0;
			defaultConfigurationName = Release;
		};
		449929952DCAE24700F75256 /* Build configuration list for PBXNativeTarget "SpotifyCloneTests" */ = {
			isa = XCConfigurationList;
			buildConfigurations = (
				449929962DCAE24700F75256 /* Debug */,
				449929972DCAE24700F75256 /* Release */,
			);
			defaultConfigurationIsVisible = 0;
			defaultConfigurationName = Release;
		};
		449929982DCAE24700F75256 /* Build configuration list for PBXNativeTarget "SpotifyCloneUITests" */ = {
			isa = XCConfigurationList;
			buildConfigurations = (
				449929992DCAE24700F75256 /* Debug */,
				4499299A2DCAE24700F75256 /* Release */,
			);
			defaultConfigurationIsVisible = 0;
			defaultConfigurationName = Release;
		};
/* End XCConfigurationList section */

/* Begin XCRemoteSwiftPackageReference section */
		44F884162DFE3EDD0090561D /* XCRemoteSwiftPackageReference "MediaPlayerSwiftUIComponents" */ = {
			isa = XCRemoteSwiftPackageReference;
			repositoryURL = "https://github.com/gustavovillada1/MediaPlayerSwiftUIComponents";
			requirement = {
				branch = main;
				kind = branch;
			};
		};
/* End XCRemoteSwiftPackageReference section */

/* Begin XCSwiftPackageProductDependency section */
		44F884172DFE3EDD0090561D /* SwiftUIComponentsKit */ = {
			isa = XCSwiftPackageProductDependency;
			package = 44F884162DFE3EDD0090561D /* XCRemoteSwiftPackageReference "MediaPlayerSwiftUIComponents" */;
			productName = SwiftUIComponentsKit;
		};
/* End XCSwiftPackageProductDependency section */
	};
	rootObject = 449929662DCAE24500F75256 /* Project object */;
}
